
Microsoft Visual Studio Solution File, Format Version 12.00
# Visual Studio Version 17
VisualStudioVersion = 17.8.34408.163
MinimumVisualStudioVersion = 10.0.40219.1
Project("{778DAE3C-4631-46EA-AA77-85C1314464D9}") = "FormApp", "Task2\FormApp.vbproj", "{5B1204BF-B5E1-4EB7-9EEB-B314C209E39C}"
EndProject
Global
	GlobalSection(SolutionConfigurationPlatforms) = preSolution
		Debug|Any CPU = Debug|Any CPU
		Release|Any CPU = Release|Any CPU
	EndGlobalSection
	GlobalSection(ProjectConfigurationPlatforms) = postSolution
		{5B1204BF-B5E1-4EB7-9EEB-B314C209E39C}.Debug|Any CPU.ActiveCfg = Debug|Any CPU
		{5B1204BF-B5E1-4EB7-9EEB-B314C209E39C}.Debug|Any CPU.Build.0 = Debug|Any CPU
		{5B1204BF-B5E1-4EB7-9EEB-B314C209E39C}.Release|Any CPU.ActiveCfg = Release|Any CPU
		{5B1204BF-B5E1-4EB7-9EEB-B314C209E39C}.Release|Any CPU.Build.0 = Release|Any CPU
	EndGlobalSection
	GlobalSection(SolutionProperties) = preSolution
		HideSolutionNode = FALSE
	EndGlobalSection
	GlobalSection(ExtensibilityGlobals) = postSolution
		SolutionGuid = {CD05CC01-D37A-412D-A240-925714A41237}
	EndGlobalSection
EndGlobal
